
Microsoft Visual Studio Solution File, Format Version 12.00
# Visual Studio Version 16
VisualStudioVersion = 16.0.31025.194
MinimumVisualStudioVersion = 10.0.40219.1
Project("{FAE04EC0-301F-11D3-BF4B-00C04F79EFBC}") = "Adivinar numero app.Android", "Adivinar numero app\Adivinar numero app.Android\Adivinar numero app.Android.csproj", "{B9149562-2998-4ADC-8DBA-9D97D33CD789}"
EndProject
Project("{9A19103F-16F7-4668-BE54-9A1E7A4F7556}") = "Juegos Adivinar", "Adivinar numero app\Adivinar numero app\Juegos Adivinar.csproj", "{12CD9726-F8CF-4ECB-8E11-31746CBC6608}"
EndProject
Global
	GlobalSection(SolutionConfigurationPlatforms) = preSolution
		Debug|Any CPU = Debug|Any CPU
		Release|Any CPU = Release|Any CPU
	EndGlobalSection
	GlobalSection(ProjectConfigurationPlatforms) = postSolution
		{B9149562-2998-4ADC-8DBA-9D97D33CD789}.Debug|Any CPU.ActiveCfg = Debug|Any CPU
		{B9149562-2998-4ADC-8DBA-9D97D33CD789}.Debug|Any CPU.Build.0 = Debug|Any CPU
		{B9149562-2998-4ADC-8DBA-9D97D33CD789}.Debug|Any CPU.Deploy.0 = Debug|Any CPU
		{B9149562-2998-4ADC-8DBA-9D97D33CD789}.Release|Any CPU.ActiveCfg = Release|Any CPU
		{B9149562-2998-4ADC-8DBA-9D97D33CD789}.Release|Any CPU.Build.0 = Release|Any CPU
		{B9149562-2998-4ADC-8DBA-9D97D33CD789}.Release|Any CPU.Deploy.0 = Release|Any CPU
		{12CD9726-F8CF-4ECB-8E11-31746CBC6608}.Debug|Any CPU.ActiveCfg = Debug|Any CPU
		{12CD9726-F8CF-4ECB-8E11-31746CBC6608}.Debug|Any CPU.Build.0 = Debug|Any CPU
		{12CD9726-F8CF-4ECB-8E11-31746CBC6608}.Release|Any CPU.ActiveCfg = Release|Any CPU
		{12CD9726-F8CF-4ECB-8E11-31746CBC6608}.Release|Any CPU.Build.0 = Release|Any CPU
	EndGlobalSection
	GlobalSection(SolutionProperties) = preSolution
		HideSolutionNode = FALSE
	EndGlobalSection
	GlobalSection(ExtensibilityGlobals) = postSolution
		SolutionGuid = {AFF27B5C-4CB2-4B64-AFD3-4FE1D4D5479B}
	EndGlobalSection
EndGlobal
